{
    "_meta": {
        "hash": {
            "sha256": "9883a236c6ea044a36aef17c78c823073b485d4f702f664fabbb09f0c565c752"
        },
        "pipfile-spec": 6,
        "requires": {
            "python_version": "3.6"
        },
        "sources": [
            {
                "name": "pypi",
                "url": "https://pypi.org/simple",
                "verify_ssl": true
            }
        ]
    },
    "default": {
        "beautifulsoup4": {
            "hashes": [
                "sha256:492bbc69dca35d12daac71c4db1bfff0c876c00ef4a2ffacce226d4638eb72da",
                "sha256:bd2520ca0d9d7d12694a53d44ac482d181b4ec1888909b035a3dbf40d0f57d4a"
            ],
            "index": "pypi",
            "version": "==4.12.2"
        },
        "certifi": {
            "hashes": [
                "sha256:9b469f3a900bf28dc19b8cfbf8019bf47f7fdd1a65a1d4ffb98fc14166beb4d1",
                "sha256:e036ab49d5b79556f99cfc2d9320b34cfbe5be05c5871b51de9329f0603b0474"
            ],
            "markers": "python_version >= '3.6'",
            "version": "==2023.11.17"
        },
        "charset-normalizer": {
            "hashes": [
                "sha256:2857e29ff0d34db842cd7ca3230549d1a697f96ee6d3fb071cfa6c7393832597",
                "sha256:6881edbebdb17b39b4eaaa821b438bf6eddffb4468cf344f09f89def34a8b1df"
            ],
            "markers": "python_version >= '3'",
            "version": "==2.0.12"
        },
        "dataclasses": {
            "hashes": [
                "sha256:0201d89fa866f68c8ebd9d08ee6ff50c0b255f8ec63a71c16fda7af82bb887bf",
                "sha256:8479067f342acf957dc82ec415d355ab5edb7e7646b90dc6e2fd1d96ad084c97"
            ],
            "markers": "python_version < '3.7'",
            "version": "==0.8"
        },
        "et-xmlfile": {
            "hashes": [
                "sha256:8eb9e2bc2f8c97e37a2dc85a09ecdcdec9d8a396530a6d5a33b30b9a92da0c5c",
                "sha256:a2ba85d1d6a74ef63837eed693bcb89c3f752169b0e3e7ae5b16ca5e1b3deada"
            ],
            "markers": "python_version >= '3.6'",
            "version": "==1.1.0"
        },
        "greenlet": {
            "hashes": [
                "sha256:03a8f4f3430c3b3ff8d10a2a86028c660355ab637cee9333d63d66b56f09d52a",
                "sha256:0bf60faf0bc2468089bdc5edd10555bab6e85152191df713e2ab1fcc86382b5a",
                "sha256:1087300cf9700bbf455b1b97e24db18f2f77b55302a68272c56209d5587c12d1",
                "sha256:18a7f18b82b52ee85322d7a7874e676f34ab319b9f8cce5de06067384aa8ff43",
                "sha256:18e98fb3de7dba1c0a852731c3070cf022d14f0d68b4c87a19cc1016f3bb8b33",
                "sha256:1a819eef4b0e0b96bb0d98d797bef17dc1b4a10e8d7446be32d1da33e095dbb8",
                "sha256:26fbfce90728d82bc9e6c38ea4d038cba20b7faf8a0ca53a9c07b67318d46088",
                "sha256:2780572ec463d44c1d3ae850239508dbeb9fed38e294c68d19a24d925d9223ca",
                "sha256:283737e0da3f08bd637b5ad058507e578dd462db259f7f6e4c5c365ba4ee9343",
                "sha256:2d4686f195e32d36b4d7cf2d166857dbd0ee9f3d20ae349b6bf8afc8485b3645",
                "sha256:2dd11f291565a81d71dab10b7033395b7a3a5456e637cf997a6f33ebdf06f8db",
                "sha256:30bcf80dda7f15ac77ba5af2b961bdd9dbc77fd4ac6105cee85b0d0a5fcf74df",
                "sha256:32e5b64b148966d9cccc2c8d35a671409e45f195864560829f395a54226408d3",
                "sha256:36abbf031e1c0f79dd5d596bfaf8e921c41df2bdf54ee1eed921ce1f52999a86",
                "sha256:3a06ad5312349fec0ab944664b01d26f8d1f05009566339ac6f63f56589bc1a2",
                "sha256:3a51c9751078733d88e013587b108f1b7a1fb106d402fb390740f002b6f6551a",
                "sha256:3c9b12575734155d0c09d6c3e10dbd81665d5c18e1a7c6597df72fd05990c8cf",
                "sha256:3f6ea9bd35eb450837a3d80e77b517ea5bc56b4647f5502cd28de13675ee12f7",
                "sha256:4b58adb399c4d61d912c4c331984d60eb66565175cdf4a34792cd9600f21b394",
                "sha256:4d2e11331fc0c02b6e84b0d28ece3a36e0548ee1a1ce9ddde03752d9b79bba40",
                "sha256:5454276c07d27a740c5892f4907c86327b632127dd9abec42ee62e12427ff7e3",
                "sha256:561091a7be172ab497a3527602d467e2b3fbe75f9e783d8b8ce403fa414f71a6",
                "sha256:6c3acb79b0bfd4fe733dff8bc62695283b57949ebcca05ae5c129eb606ff2d74",
                "sha256:703f18f3fda276b9a916f0934d2fb6d989bf0b4fb5a64825260eb9bfd52d78f0",
                "sha256:7492e2b7bd7c9b9916388d9df23fa49d9b88ac0640db0a5b4ecc2b653bf451e3",
                "sha256:76ae285c8104046b3a7f06b42f29c7b73f77683df18c49ab5af7983994c2dd91",
                "sha256:7cafd1208fdbe93b67c7086876f061f660cfddc44f404279c1585bbf3cdc64c5",
                "sha256:7efde645ca1cc441d6dc4b48c0f7101e8d86b54c8530141b09fd31cef5149ec9",
                "sha256:8512a0c38cfd4e66a858ddd1b17705587900dd760c6003998e9472b77b56d417",
                "sha256:88d9ab96491d38a5ab7c56dd7a3cc37d83336ecc564e4e8816dbed12e5aaefc8",
                "sha256:8eab883b3b2a38cc1e050819ef06a7e6344d4a990d24d45bc6f2cf959045a45b",
                "sha256:910841381caba4f744a44bf81bfd573c94e10b3045ee00de0cbf436fe50673a6",
                "sha256:9190f09060ea4debddd24665d6804b995a9c122ef5917ab26e1566dcc712ceeb",
                "sha256:937e9020b514ceedb9c830c55d5c9872abc90f4b5862f89c0887033ae33c6f73",
                "sha256:94c817e84245513926588caf1152e3b559ff794d505555211ca041f032abbb6b",
                "sha256:971ce5e14dc5e73715755d0ca2975ac88cfdaefcaab078a284fea6cfabf866df",
                "sha256:9d14b83fab60d5e8abe587d51c75b252bcc21683f24699ada8fb275d7712f5a9",
                "sha256:9f35ec95538f50292f6d8f2c9c9f8a3c6540bbfec21c9e5b4b751e0a7c20864f",
                "sha256:a1846f1b999e78e13837c93c778dcfc3365902cfb8d1bdb7dd73ead37059f0d0",
                "sha256:acd2162a36d3de67ee896c43effcd5ee3de247eb00354db411feb025aa319857",
                "sha256:b0ef99cdbe2b682b9ccbb964743a6aca37905fda5e0452e5ee239b1654d37f2a",
                "sha256:b80f600eddddce72320dbbc8e3784d16bd3fb7b517e82476d8da921f27d4b249",
                "sha256:b864ba53912b6c3ab6bcb2beb19f19edd01a6bfcbdfe1f37ddd1778abfe75a30",
                "sha256:b9ec052b06a0524f0e35bd8790686a1da006bd911dd1ef7d50b77bfbad74e292",
                "sha256:ba2956617f1c42598a308a84c6cf021a90ff3862eddafd20c3333d50f0edb45b",
                "sha256:bdfea8c661e80d3c1c99ad7c3ff74e6e87184895bbaca6ee8cc61209f8b9b85d",
                "sha256:be4ed120b52ae4d974aa40215fcdfde9194d63541c7ded40ee12eb4dda57b76b",
                "sha256:c4302695ad8027363e96311df24ee28978162cdcdd2006476c43970b384a244c",
                "sha256:c48f54ef8e05f04d6eff74b8233f6063cb1ed960243eacc474ee73a2ea8573ca",
                "sha256:c9c59a2120b55788e800d82dfa99b9e156ff8f2227f07c5e3012a45a399620b7",
                "sha256:cd021c754b162c0fb55ad5d6b9d960db667faad0fa2ff25bb6e1301b0b6e6a75",
                "sha256:d27ec7509b9c18b6d73f2f5ede2622441de812e7b1a80bbd446cb0633bd3d5ae",
                "sha256:d4606a527e30548153be1a9f155f4e283d109ffba663a15856089fb55f933e47",
                "sha256:d5508f0b173e6aa47273bdc0a0b5ba055b59662ba7c7ee5119528f466585526b",
                "sha256:d75209eed723105f9596807495d58d10b3470fa6732dd6756595e89925ce2470",
                "sha256:d967650d3f56af314b72df7089d96cda1083a7fc2da05b375d2bc48c82ab3f3c",
                "sha256:db1a39669102a1d8d12b57de2bb7e2ec9066a6f2b3da35ae511ff93b01b5d564",
                "sha256:dbfcfc0218093a19c252ca8eb9aee3d29cfdcb586df21049b9d777fd32c14fd9",
                "sha256:e0f72c9ddb8cd28532185f54cc1453f2c16fb417a08b53a855c4e6a418edd099",
                "sha256:e7c8dc13af7db097bed64a051d2dd49e9f0af495c26995c00a9ee842690d34c0",
                "sha256:ea9872c80c132f4663822dd2a08d404073a5a9b5ba6155bea72fb2a79d1093b5",
                "sha256:eff4eb9b7eb3e4d0cae3d28c283dc16d9bed6b193c2e1ace3ed86ce48ea8df19",
                "sha256:f82d4d717d8ef19188687aa32b8363e96062911e63ba22a0cff7802a8e58e5f1",
                "sha256:fc3a569657468b6f3fb60587e48356fe512c1754ca05a564f11366ac9e306526"
            ],
            "markers": "python_version >= '2.7' and python_version not in '3.0, 3.1, 3.2, 3.3, 3.4'",
            "version": "==2.0.2"
        },
        "html5lib": {
            "hashes": [
                "sha256:0d78f8fde1c230e99fe37986a60526d7049ed4bf8a9fadbad5f00e22e58e041d",
                "sha256:b2e5b40261e20f354d198eae92afc10d750afb487ed5e50f9c4eaf07c184146f"
            ],
            "index": "pypi",
            "version": "==1.1"
        },
        "idna": {
            "hashes": [
                "sha256:9ecdbbd083b06798ae1e86adcbfe8ab1479cf864e4ee30fe4e46a003d12491ca",
                "sha256:c05567e9c24a6b9faaa835c4821bad0590fbb9d5779e7caa6e1cc4978e7eb24f"
            ],
            "markers": "python_version >= '3'",
            "version": "==3.6"
        },
        "importlib-metadata": {
            "hashes": [
                "sha256:65a9576a5b2d58ca44d133c42a241905cc45e34d2c06fd5ba2bafa221e5d7b5e",
                "sha256:766abffff765960fcc18003801f7044eb6755ffae4521c8e8ce8e83b9c9b0668"
            ],
            "markers": "python_version >= '3.6'",
            "version": "==4.8.3"
        },
        "jinja2": {
            "hashes": [
                "sha256:077ce6014f7b40d03b47d1f1ca4b0fc8328a692bd284016f806ed0eaca390ad8",
                "sha256:611bb273cd68f3b993fabdc4064fc858c5b47a973cb5aa7999ec1ba405c87cd7"
            ],
            "index": "pypi",
            "version": "==3.0.3"
        },
        "lxml": {
            "hashes": [
                "sha256:016de3b29a262655fc3d2075dc1b2611f84f4c3d97a71d579c883d45e201eee4",
                "sha256:0326e9b8176ea77269fb39e7af4010906e73e9496a9f8eaf06d253b1b1231ceb",
                "sha256:03290e2f714f2e7431c8430c08b48167f657da7bc689c6248e828ff3c66d5b1b",
                "sha256:049fef98d02513c34f5babd07569fc1cf1ed14c0f2fbff18fe72597f977ef3c2",
                "sha256:07a900735bad9af7be3085480bf384f68ed5580ba465b39a098e6a882c060d6b",
                "sha256:0d277d4717756fe8816f0beeff229cb72f9dd02a43b70e1d3f07c8efadfb9fe1",
                "sha256:173bcead3af5d87c7bca9a030675073ddaad8e0a9f0b04be07cd9390453e7226",
                "sha256:1ef0793e1e2dd221fce7c142177008725680f7b9e4a184ab108d90d5d3ab69b7",
                "sha256:21af2c3862db6f4f486cddf73ec1157b40d5828876c47cd880edcbad8240ea1b",
                "sha256:2219cbf790e701acf9a21a31ead75f983e73daf0eceb9da6990212e4d20ebefe",
                "sha256:2992591e2294bb07faf7f5f6d5cb60710c046404f4bfce09fb488b85d2a8f58f",
                "sha256:3663542aee845129a981889c19b366beab0b1dadcf5ca164696aabfe1aa51667",
                "sha256:3e6cbb68bf70081f036bfc018649cf4b46c4e7eaf7860a277cae92dee2a57f69",
                "sha256:3f908afd0477cace17f941d1b9cfa10b769fe1464770abe4cfb3d9f35378d0f8",
                "sha256:3ffa066db40b0347e48334bd4465de768e295a3525b9a59831228b5f4f93162d",
                "sha256:405e3760f83a8ba3bdb6e622ec79595cdc20db916ce37377bbcb95b5711fa4ca",
                "sha256:44fa9afd632210f1eeda51cf284ed8dbab0c7ec8b008dd39ba02818e0e114e69",
                "sha256:4786b0af7511ea614fd86407a52a7bc161aa5772d311d97df2591ed2351de768",
                "sha256:4a45a278518e4308865c1e9dbb2c42ce84fb154efb03adeb16fdae3c1687c7c9",
                "sha256:4b9d5b01900a760eb3acf6cef50aead4ef2fa79e7ddb927084244e41dfe37b65",
                "sha256:4e69c36c8618707a90ed3fb6f48a6cc9254ffcdbf7b259e439a5ae5fbf9c5206",
                "sha256:52a9ab31853d3808e7cf0183b3a5f7e8ffd622ea4aee1deb5252dbeaefd5b40d",
                "sha256:52c0acc2f29b0a204efc11a5ed911a74f50a25eb7d7d5069c2b1fd3b3346ce11",
                "sha256:5382612ba2424cea5d2c89e2c29077023d8de88f8d60d5ceff5f76334516df9e",
                "sha256:581a78f299a9f5448b2c3aea904bfcd17c59bf83016d221d7f93f83633bb2ab2",
                "sha256:583c0e15ae06adc81035346ae2abb2e748f0b5197e7740d8af31222db41bbf7b",
                "sha256:59cea9ba1c675fbd6867ca1078fc717a113e7f5b7644943b74137b7cc55abebf",
                "sha256:5b39f63edbe7e018c2ac1cf0259ee0dd2355274e8a3003d404699b040782e55e",
                "sha256:5eff173f0ff408bfa578cbdafd35a7e0ca94d1a9ffe09a8a48e0572d0904d486",
                "sha256:5fb988e15378d6e905ca8f60813950a0c56da9469d0e8e5d8fe785b282684ec5",
                "sha256:6507c58431dbd95b50654b3313c5ad54f90e54e5f2cdacf733de61eae478eec5",
                "sha256:6a2de85deabf939b0af89e2e1ea46bfb1239545e2da6f8ac96522755a388025f",
                "sha256:6a5501438dd521bb7e0dde5008c40c7bfcfaafaf86eccb3f9bd27509abb793da",
                "sha256:6bba06d8982be0f0f6432d289a8d104417a0ab9ed04114446c4ceb6d4a40c65d",
                "sha256:70ab4e02f7aa5fb4131c8b222a111ce7676f3767e36084fba3a4e7338dc82dcd",
                "sha256:7188495c1bf71bfda87d78ed50601e72d252119ce11710d6e71ff36e35fea5a0",
                "sha256:71a7cee869578bc17b18050532bb2f0bc682a7b97dda77041741a1bd2febe6c7",
                "sha256:73bfab795d354aaf2f4eb7a5b0db513031734fd371047342d5803834ce19ec18",
                "sha256:766868f729f3ab84125350f1a0ea2594d8b1628a608a574542a5aff7355b9941",
                "sha256:77b73952534967a4497d9e4f26fbeebfba19950cbc66b7cc3a706214429d8106",
                "sha256:78d6d8e5b54ed89dc0f0901eaaa579c384ad8d59fa43cc7fb06e9bb89115f8f4",
                "sha256:793be9b4945c2dfd69828fb5948d7d9569b78e0599e4a2e88d92affeb0ff3aa3",
                "sha256:7ba26a7dc929a1b3487d51bbcb0099afed2fc06e891b82845c8f37a2d7d7fbbd",
                "sha256:7df433d08d4587dc3932f7fcfc3194519a6824824104854e76441fd3bc000d29",
                "sha256:80209b31dd3908bc5b014f540fd192c97ea52ab179713a730456c5baf7ce80c1",
                "sha256:8134d5441d1ed6a682e3de3d7a98717a328dce619ee9c4c8b3b91f0cb0eb3e28",
                "sha256:81509dffd8aba3bdb43e90cbd218c9c068a1f4047d97bc9546b3ac9e3a4ae81d",
                "sha256:88f559f8beb6b90e41a7faae4aca4c8173a4819874a9bf8e74c8d7c1d51f3162",
                "sha256:894c5f71186b410679aaab5774543fcb9cbabe8893f0b31d11cf28a0740e80be",
                "sha256:8cc0a951e5616ac626f7036309c41fb9774adcd4aa7db0886463da1ce5b65edb",
                "sha256:8ce8b468ab50f9e944719d1134709ec11fe0d2840891a6cae369e22141b1094c",
                "sha256:904d36165848b59c4e04ae5b969072e602bd987485076fca8ec42c6cd7a7aedc",
                "sha256:96095bfc0c02072fc89afa67626013a253596ea5118b8a7f4daaae049dafa096",
                "sha256:980ba47c8db4b9d870014c7040edb230825b79017a6a27aa54cdb6fcc02d8cc0",
                "sha256:992029258ed719f130d5a9c443d142c32843046f1263f2c492862b2a853be570",
                "sha256:99cad5c912f359e59e921689c04e54662cdd80835d80eeaa931e22612f515df7",
                "sha256:9b59c429e1a2246da86ae237ffc3565efcdc71c281cd38ca8b44d5fb6a3b993a",
                "sha256:9ca498f8554a09fbc3a2f8fc4b23261e07bc27bef99b3df98e2570688033f6fc",
                "sha256:9cd3d6c2c67d4fdcd795e4945e2ba5434909c96640b4cc09453bd0dc7e8e1bac",
                "sha256:a85136d0ee18a41c91cc3e2844c683be0e72e6dda4cb58da9e15fcaef3726af7",
                "sha256:ac21aace6712472e77ea9dfc38329f53830c4259ece54c786107105ebb069053",
                "sha256:aebd8fd378e074b22e79cad329dcccd243c40ff1cafaa512d19276c5bb9554e1",
                "sha256:affdd833f82334fdb10fc9a1c7b35cdb5a86d0b672b4e14dd542e1fe7bcea894",
                "sha256:b6d4e148edee59c2ad38af15810dbcb8b5d7b13e5de3509d8cf3edfe74c0adca",
                "sha256:bb58e8f4b2cfe012cd312239b8d5139995fe8f5945c7c26d5fbbbb1ddb9acd47",
                "sha256:bfdc4668ac56687a89ca3eca44231144a2e9d02ba3b877558db74ba20e2bd9fa",
                "sha256:c1249aa4eaced30b59ecf8b8cae0b1ccede04583c74ca7d10b6f8bbead908b2c",
                "sha256:c7cfb6af73602c8d288581df8a225989d7e9d5aab0a174be0e19fcfa800b6797",
                "sha256:c7fe19abb3d3c55a9e65d289b12ad73b3a31a3f0bda3c539a890329ae9973bd6",
                "sha256:c8954da15403db1acfc0544b3c3f963a6ef4e428283ab6555e3e298bbbff1cf6",
                "sha256:c90c593aa8dd57d5dab0ef6d7d64af894008971d98e6a41b320fdd75258fbc6e",
                "sha256:cb564bbe55ff0897d9cf1225041a44576d7ae87f06fd60163544c91de2623d3f",
                "sha256:cfa8a4cdc3765574b7fd0c7cfa5fbd1e2108014c9dfd299c679e5152bea9a55e",
                "sha256:d1bb64646480c36a4aa1b6a44a5b6e33d0fcbeab9f53f1b39072cd3bb2c6243a",
                "sha256:dac2733fe4e159b0aae0439db6813b7b1d23ff96d0b34c0107b87faf79208c4e",
                "sha256:db40e85cffd22f7d65dcce30e85af565a66401a6ed22fc0c56ed342cfa4ffc43",
                "sha256:dd39ef87fd1f7bb5c4aa53454936e6135cbfe03fe3744e8218be193f9e4fef16",
                "sha256:de1a8b54170024cf1c0c2718c82412bca42cd82e390556e3d8031af9541b416f",
                "sha256:e675a4b95208e74c34ac0751cc4bab9170e7728b61601fb0f4746892c2bb7e0b",
                "sha256:e6bb39d91bf932e7520cb5718ae3c2f498052aca53294d5d59fdd9068fe1a7f2",
                "sha256:e8c63f5c7d87e7044880b01851ac4e863c3349e6f6b6ab456fe218d9346e816d",
                "sha256:ea56825c1e23c9c8ea385a191dac75f9160477057285b88c88736d9305e6118f",
                "sha256:ee60f33456ff34b2dd1d048a740a2572798356208e4c494301c931de3a0ab3a2",
                "sha256:f15844a1b93dcaa09c2b22e22a73384f3ae4502347c3881cfdd674e14ac04e21",
                "sha256:f298ac9149037d6a3d5c74991bded39ac46292520b9c7c182cb102486cc87677",
                "sha256:f30e697b6215e759d0824768b2c5b0618d2dc19abe6c67eeed2b0460f52470d1",
                "sha256:f92d73faa0b1a76d1932429d684b7ce95829e93c3eef3715ec9b98ab192c9d31",
                "sha256:fef10f27d6318d2d7c88680e113511ddecf09ee4f9559b3623b73ee89fa8f6cc"
            ],
            "index": "pypi",
            "version": "==5.0.0"
        },
        "markupsafe": {
            "hashes": [
                "sha256:01a9b8ea66f1658938f65b93a85ebe8bc016e6769611be228d797c9d998dd298",
                "sha256:023cb26ec21ece8dc3907c0e8320058b2e0cb3c55cf9564da612bc325bed5e64",
                "sha256:0446679737af14f45767963a1a9ef7620189912317d095f2d9ffa183a4d25d2b",
                "sha256:04635854b943835a6ea959e948d19dcd311762c5c0c6e1f0e16ee57022669194",
                "sha256:0717a7390a68be14b8c793ba258e075c6f4ca819f15edfc2a3a027c823718567",
                "sha256:0955295dd5eec6cb6cc2fe1698f4c6d84af2e92de33fbcac4111913cd100a6ff",
                "sha256:0d4b31cc67ab36e3392bbf3862cfbadac3db12bdd8b02a2731f509ed5b829724",
                "sha256:10f82115e21dc0dfec9ab5c0223652f7197feb168c940f3ef61563fc2d6beb74",
                "sha256:168cd0a3642de83558a5153c8bd34f175a9a6e7f6dc6384b9655d2697312a646",
                "sha256:1d609f577dc6e1aa17d746f8bd3c31aa4d258f4070d61b2aa5c4166c1539de35",
                "sha256:1f2ade76b9903f39aa442b4aadd2177decb66525062db244b35d71d0ee8599b6",
                "sha256:20dca64a3ef2d6e4d5d615a3fd418ad3bde77a47ec8a23d984a12b5b4c74491a",
                "sha256:2a7d351cbd8cfeb19ca00de495e224dea7e7d919659c2841bbb7f420ad03e2d6",
                "sha256:2d7d807855b419fc2ed3e631034685db6079889a1f01d5d9dac950f764da3dad",
                "sha256:2ef54abee730b502252bcdf31b10dacb0a416229b72c18b19e24a4509f273d26",
                "sha256:36bc903cbb393720fad60fc28c10de6acf10dc6cc883f3e24ee4012371399a38",
                "sha256:37205cac2a79194e3750b0af2a5720d95f786a55ce7df90c3af697bfa100eaac",
                "sha256:3c112550557578c26af18a1ccc9e090bfe03832ae994343cfdacd287db6a6ae7",
                "sha256:3dd007d54ee88b46be476e293f48c85048603f5f516008bee124ddd891398ed6",
                "sha256:4296f2b1ce8c86a6aea78613c34bb1a672ea0e3de9c6ba08a960efe0b0a09047",
                "sha256:47ab1e7b91c098ab893b828deafa1203de86d0bc6ab587b160f78fe6c4011f75",
                "sha256:49e3ceeabbfb9d66c3aef5af3a60cc43b85c33df25ce03d0031a608b0a8b2e3f",
                "sha256:4dc8f9fb58f7364b63fd9f85013b780ef83c11857ae79f2feda41e270468dd9b",
                "sha256:4efca8f86c54b22348a5467704e3fec767b2db12fc39c6d963168ab1d3fc9135",
                "sha256:53edb4da6925ad13c07b6d26c2a852bd81e364f95301c66e930ab2aef5b5ddd8",
                "sha256:5855f8438a7d1d458206a2466bf82b0f104a3724bf96a1c781ab731e4201731a",
                "sha256:594c67807fb16238b30c44bdf74f36c02cdf22d1c8cda91ef8a0ed8dabf5620a",
                "sha256:5b6d930f030f8ed98e3e6c98ffa0652bdb82601e7a016ec2ab5d7ff23baa78d1",
                "sha256:5bb28c636d87e840583ee3adeb78172efc47c8b26127267f54a9c0ec251d41a9",
                "sha256:60bf42e36abfaf9aff1f50f52644b336d4f0a3fd6d8a60ca0d054ac9f713a864",
                "sha256:611d1ad9a4288cf3e3c16014564df047fe08410e628f89805e475368bd304914",
                "sha256:6300b8454aa6930a24b9618fbb54b5a68135092bc666f7b06901f897fa5c2fee",
                "sha256:63f3268ba69ace99cab4e3e3b5840b03340efed0948ab8f78d2fd87ee5442a4f",
                "sha256:6557b31b5e2c9ddf0de32a691f2312a32f77cd7681d8af66c2692efdbef84c18",
                "sha256:693ce3f9e70a6cf7d2fb9e6c9d8b204b6b39897a2c4a1aa65728d5ac97dcc1d8",
                "sha256:6a7fae0dd14cf60ad5ff42baa2e95727c3d81ded453457771d02b7d2b3f9c0c2",
                "sha256:6c4ca60fa24e85fe25b912b01e62cb969d69a23a5d5867682dd3e80b5b02581d",
                "sha256:6fcf051089389abe060c9cd7caa212c707e58153afa2c649f00346ce6d260f1b",
                "sha256:7d91275b0245b1da4d4cfa07e0faedd5b0812efc15b702576d103293e252af1b",
                "sha256:89c687013cb1cd489a0f0ac24febe8c7a666e6e221b783e53ac50ebf68e45d86",
                "sha256:8d206346619592c6200148b01a2142798c989edcb9c896f9ac9722a99d4e77e6",
                "sha256:905fec760bd2fa1388bb5b489ee8ee5f7291d692638ea5f67982d968366bef9f",
                "sha256:97383d78eb34da7e1fa37dd273c20ad4320929af65d156e35a5e2d89566d9dfb",
                "sha256:984d76483eb32f1bcb536dc27e4ad56bba4baa70be32fa87152832cdd9db0833",
                "sha256:99df47edb6bda1249d3e80fdabb1dab8c08ef3975f69aed437cb69d0a5de1e28",
                "sha256:9f02365d4e99430a12647f09b6cc8bab61a6564363f313126f775eb4f6ef798e",
                "sha256:a30e67a65b53ea0a5e62fe23682cfe22712e01f453b95233b25502f7c61cb415",
                "sha256:ab3ef638ace319fa26553db0624c4699e31a28bb2a835c5faca8f8acf6a5a902",
                "sha256:aca6377c0cb8a8253e493c6b451565ac77e98c2951c45f913e0b52facdcff83f",
                "sha256:add36cb2dbb8b736611303cd3bfcee00afd96471b09cda130da3581cbdc56a6d",
                "sha256:b2f4bf27480f5e5e8ce285a8c8fd176c0b03e93dcc6646477d4630e83440c6a9",
                "sha256:b7f2d075102dc8c794cbde1947378051c4e5180d52d276987b8d28a3bd58c17d",
                "sha256:baa1a4e8f868845af802979fcdbf0bb11f94f1cb7ced4c4b8a351bb60d108145",
                "sha256:be98f628055368795d818ebf93da628541e10b75b41c559fdf36d104c5787066",
                "sha256:bf5d821ffabf0ef3533c39c518f3357b171a1651c1ff6827325e4489b0e46c3c",
                "sha256:c47adbc92fc1bb2b3274c4b3a43ae0e4573d9fbff4f54cd484555edbf030baf1",
                "sha256:cdfba22ea2f0029c9261a4bd07e830a8da012291fbe44dc794e488b6c9bb353a",
                "sha256:d6c7ebd4e944c85e2c3421e612a7057a2f48d478d79e61800d81468a8d842207",
                "sha256:d7f9850398e85aba693bb640262d3611788b1f29a79f0c93c565694658f4071f",
                "sha256:d8446c54dc28c01e5a2dbac5a25f071f6653e6e40f3a8818e8b45d790fe6ef53",
                "sha256:deb993cacb280823246a026e3b2d81c493c53de6acfd5e6bfe31ab3402bb37dd",
                "sha256:e0f138900af21926a02425cf736db95be9f4af72ba1bb21453432a07f6082134",
                "sha256:e9936f0b261d4df76ad22f8fee3ae83b60d7c3e871292cd42f40b81b70afae85",
                "sha256:f0567c4dc99f264f49fe27da5f735f414c4e7e7dd850cfd8e69f0862d7c74ea9",
                "sha256:f5653a225f31e113b152e56f154ccbe59eeb1c7487b39b9d9f9cdb58e6c79dc5",
                "sha256:f826e31d18b516f653fe296d967d700fddad5901ae07c622bb3705955e1faa94",
                "sha256:f8ba0e8349a38d3001fae7eadded3f6606f0da5d748ee53cc1dab1d6527b9509",
                "sha256:f9081981fe268bd86831e5c75f7de206ef275defcb82bc70740ae6dc507aee51",
                "sha256:fa130dd50c57d53368c9d59395cb5526eda596d3ffe36666cd81a44d56e48872"
            ],
            "markers": "python_version >= '3.6'",
            "version": "==2.0.1"
        },
        "numpy": {
            "hashes": [
                "sha256:012426a41bc9ab63bb158635aecccc7610e3eff5d31d1eb43bc099debc979d94",
                "sha256:06fab248a088e439402141ea04f0fffb203723148f6ee791e9c75b3e9e82f080",
                "sha256:0eef32ca3132a48e43f6a0f5a82cb508f22ce5a3d6f67a8329c81c8e226d3f6e",
                "sha256:1ded4fce9cfaaf24e7a0ab51b7a87be9038ea1ace7f34b841fe3b6894c721d1c",
                "sha256:2e55195bc1c6b705bfd8ad6f288b38b11b1af32f3c8289d6c50d47f950c12e76",
                "sha256:2ea52bd92ab9f768cc64a4c3ef8f4b2580a17af0a5436f6126b08efbd1838371",
                "sha256:36674959eed6957e61f11c912f71e78857a8d0604171dfd9ce9ad5cbf41c511c",
                "sha256:384ec0463d1c2671170901994aeb6dce126de0a95ccc3976c43b0038a37329c2",
                "sha256:39b70c19ec771805081578cc936bbe95336798b7edf4732ed102e7a43ec5c07a",
                "sha256:400580cbd3cff6ffa6293df2278c75aef2d58d8d93d3c5614cd67981dae68ceb",
                "sha256:43d4c81d5ffdff6bae58d66a3cd7f54a7acd9a0e7b18d97abb255defc09e3140",
                "sha256:50a4a0ad0111cc1b71fa32dedd05fa239f7fb5a43a40663269bb5dc7877cfd28",
                "sha256:603aa0706be710eea8884af807b1b3bc9fb2e49b9f4da439e76000f3b3c6ff0f",
                "sha256:6149a185cece5ee78d1d196938b2a8f9d09f5a5ebfbba66969302a778d5ddd1d",
                "sha256:759e4095edc3c1b3ac031f34d9459fa781777a93ccc633a472a5468587a190ff",
                "sha256:7fb43004bce0ca31d8f13a6eb5e943fa73371381e53f7074ed21a4cb786c32f8",
                "sha256:811daee36a58dc79cf3d8bdd4a490e4277d0e4b7d103a001a4e73ddb48e7e6aa",
                "sha256:8b5e972b43c8fc27d56550b4120fe6257fdc15f9301914380b27f74856299fea",
                "sha256:99abf4f353c3d1a0c7a5f27699482c987cf663b1eac20db59b8c7b061eabd7fc",
                "sha256:a0d53e51a6cb6f0d9082decb7a4cb6dfb33055308c4c44f53103c073f649af73",
                "sha256:a12ff4c8ddfee61f90a1633a4c4afd3f7bcb32b11c52026c92a12e1325922d0d",
                "sha256:a4646724fba402aa7504cd48b4b50e783296b5e10a524c7a6da62e4a8ac9698d",
                "sha256:a76f502430dd98d7546e1ea2250a7360c065a5fdea52b2dffe8ae7180909b6f4",
                "sha256:a9d17f2be3b427fbb2bce61e596cf555d6f8a56c222bd2ca148baeeb5e5c783c",
                "sha256:ab83f24d5c52d60dbc8cd0528759532736b56db58adaa7b5f1f76ad551416a1e",
                "sha256:aeb9ed923be74e659984e321f609b9ba54a48354bfd168d21a2b072ed1e833ea",
                "sha256:c843b3f50d1ab7361ca4f0b3639bf691569493a56808a0b0c54a051d260b7dbd",
                "sha256:cae865b1cae1ec2663d8ea56ef6ff185bad091a5e33ebbadd98de2cfa3fa668f",
                "sha256:cc6bd4fd593cb261332568485e20a0712883cf631f6f5e8e86a52caa8b2b50ff",
                "sha256:cf2402002d3d9f91c8b01e66fbb436a4ed01c6498fffed0e4c7566da1d40ee1e",
                "sha256:d051ec1c64b85ecc69531e1137bb9751c6830772ee5c1c426dbcfe98ef5788d7",
                "sha256:d6631f2e867676b13026e2846180e2c13c1e11289d67da08d71cacb2cd93d4aa",
                "sha256:dbd18bcf4889b720ba13a27ec2f2aac1981bd41203b3a3b27ba7a33f88ae4827",
                "sha256:df609c82f18c5b9f6cb97271f03315ff0dbe481a2a02e56aeb1b1a985ce38e60"
            ],
            "markers": "python_version >= '3.6'",
            "version": "==1.19.5"
        },
        "openpyxl": {
            "hashes": [
                "sha256:a6f5977418eff3b2d5500d54d9db50c8277a368436f4e4f8ddb1be3422870184",
                "sha256:f91456ead12ab3c6c2e9491cf33ba6d08357d802192379bb482f1033ade496f5"
            ],
            "index": "pypi",
            "version": "==3.1.2"
        },
        "pandas": {
            "hashes": [
                "sha256:0a643bae4283a37732ddfcecab3f62dd082996021b980f580903f4e8e01b3c5b",
                "sha256:0de3ddb414d30798cbf56e642d82cac30a80223ad6fe484d66c0ce01a84d6f2f",
                "sha256:19a2148a1d02791352e9fa637899a78e371a3516ac6da5c4edc718f60cbae648",
                "sha256:21b5a2b033380adbdd36b3116faaf9a4663e375325831dac1b519a44f9e439bb",
                "sha256:24c7f8d4aee71bfa6401faeba367dd654f696a77151a8a28bc2013f7ced4af98",
                "sha256:26fa92d3ac743a149a31b21d6f4337b0594b6302ea5575b37af9ca9611e8981a",
                "sha256:2860a97cbb25444ffc0088b457da0a79dc79f9c601238a3e0644312fcc14bf11",
                "sha256:2b1c6cd28a0dfda75c7b5957363333f01d370936e4c6276b7b8e696dd500582a",
                "sha256:2c2f7c670ea4e60318e4b7e474d56447cf0c7d83b3c2a5405a0dbb2600b9c48e",
                "sha256:3be7a7a0ca71a2640e81d9276f526bca63505850add10206d0da2e8a0a325dae",
                "sha256:4c62e94d5d49db116bef1bd5c2486723a292d79409fc9abd51adf9e05329101d",
                "sha256:5008374ebb990dad9ed48b0f5d0038124c73748f5384cc8c46904dace27082d9",
                "sha256:5447ea7af4005b0daf695a316a423b96374c9c73ffbd4533209c5ddc369e644b",
                "sha256:573fba5b05bf2c69271a32e52399c8de599e4a15ab7cec47d3b9c904125ab788",
                "sha256:5a780260afc88268a9d3ac3511d8f494fdcf637eece62fb9eb656a63d53eb7ca",
                "sha256:70865f96bb38fec46f7ebd66d4b5cfd0aa6b842073f298d621385ae3898d28b5",
                "sha256:731568be71fba1e13cae212c362f3d2ca8932e83cb1b85e3f1b4dd77d019254a",
                "sha256:b61080750d19a0122469ab59b087380721d6b72a4e7d962e4d7e63e0c4504814",
                "sha256:bf23a3b54d128b50f4f9d4675b3c1857a688cc6731a32f931837d72effb2698d",
                "sha256:c16d59c15d946111d2716856dd5479221c9e4f2f5c7bc2d617f39d870031e086",
                "sha256:c61c043aafb69329d0f961b19faa30b1dab709dd34c9388143fc55680059e55a",
                "sha256:c94ff2780a1fd89f190390130d6d36173ca59fcfb3fe0ff596f9a56518191ccb",
                "sha256:edda9bacc3843dfbeebaf7a701763e68e741b08fccb889c003b0a52f0ee95782",
                "sha256:f10fc41ee3c75a474d3bdf68d396f10782d013d7f67db99c0efbfd0acb99701b"
            ],
            "index": "pypi",
            "version": "==1.1.5"
        },
        "ply": {
            "hashes": [
                "sha256:00c7c1aaa88358b9c765b6d3000c6eec0ba42abca5351b095321aef446081da3",
                "sha256:096f9b8350b65ebd2fd1346b12452efe5b9607f7482813ffca50c22722a807ce"
            ],
            "version": "==3.11"
        },
        "pulp": {
            "hashes": [
                "sha256:b6de42c929e80325bf44cc7a2997f02535440800c376b9eb8cb7b4670ed53769",
                "sha256:e73ee6b32d639c9b8cf4b4aded334ba158be5f8313544e056f796ace0a10ae63"
            ],
            "index": "pypi",
            "version": "==2.7.0"
        },
        "pyomo": {
            "hashes": [
                "sha256:075413da13dc8635fc2d7720ded9b1daa73fd4e30caf1a74fd39ca39cda9ebb0",
                "sha256:24807af81f6dfe9626e034da7990e2e64de27678b6bb2c8aa7c1c03807813d92",
                "sha256:3f5e5964b6767707b6d35dc483f185d6288e6e35e6c2f99c54ecca523f9c90da",
                "sha256:43c4986e1a79c90df7c112c82e4b4ee1e8f85c4a152e05ff02e2a5cfee3362cf",
                "sha256:6857abd78cb54666600a69e3f269b3e781112e5295297377610007d5c4873793",
                "sha256:860b9eee27ed173d88c80509b9fe381c4caf9a1c9130c5f4b4fde4a741b9f6de",
                "sha256:90a7632559cf29d539ec2738df11477641447ff290164b9469ec1cecf45d72e0",
                "sha256:974b9ee562ece459c2c096dbe3c100ac29c99dbdb6703e4b4874f938f53fae5a",
                "sha256:b4df6305438a2b6ec75bd2e1588b919feb97089ed179a944b334432723781f81",
                "sha256:c7d692d31bd6a6b0c1d3c4125676287fd19fb0d8ee861aba85ea4e429ea5a3b0",
                "sha256:d20502a24ba3fdf0518641408d4af5cd48e1eddb444d6045df91569383801899",
                "sha256:d980edc5a853f500b93f4180e5d9359a8db047f498df38a89dc2539da2031247",
                "sha256:ddd2f579a8a7a0e05a9e28f0e513ca462a9417f6ee6be449e843ed18c7d1ebbf",
                "sha256:eac7e4d6aa356ae054427f15095cc9020eaff4238d6159ec21b95901fea59626",
                "sha256:f9b9aa4bde4b512b44a6c66bdff3baf060ac28a60bb0c15334b01734de7b7b8a",
                "sha256:fc7ca93989db3c37d130a833aa2de5bb500dcc9d7d0d07c4de6873207e1e0f7a"
            ],
            "index": "pypi",
            "version": "==6.3.0"
        },
        "pypdf2": {
            "hashes": [
                "sha256:a74408f69ba6271f71b9352ef4ed03dc53a31aa404d29b5d31f53bfecfee1440",
                "sha256:d16e4205cfee272fbdc0568b68d82be796540b1537508cef59388f839c191928"
            ],
            "index": "pypi",
            "version": "==3.0.1"
        },
        "python-crontab": {
            "hashes": [
                "sha256:6d5ba3c190ec76e4d252989a1644fcb233dbf53fbc8fceeb9febe1657b9fb1d4",
                "sha256:79fb7465039ddfd4fb93d072d6ee0d45c1ac8bf1597f0686ea14fd4361dba379"
            ],
            "index": "pypi",
            "version": "==3.0.0"
        },
        "python-dateutil": {
            "hashes": [
                "sha256:0123cacc1627ae19ddf3c27a5de5bd67ee4586fbdd6440d9748f8abb483d3e86",
                "sha256:961d03dc3453ebbc59dbdea9e4e11c5651520a876d0f4db161e8674aae935da9"
            ],
            "markers": "python_version >= '2.7' and python_version not in '3.0, 3.1, 3.2, 3.3'",
            "version": "==2.8.2"
        },
        "pytz": {
            "hashes": [
                "sha256:7b4fddbeb94a1eba4b557da24f19fdf9db575192544270a9101d8509f9f43d7b",
                "sha256:ce42d816b81b68506614c11e8937d3aa9e41007ceb50bfdcb0749b921bf646c7"
            ],
            "version": "==2023.3.post1"
        },
        "pyxlsb": {
            "hashes": [
                "sha256:8062d1ea8626d3f1980e8b1cfe91a4483747449242ecb61013bc2df85435f685",
                "sha256:87c122a9a622e35ca5e741d2e541201d28af00fb46bec492cfa9586890b120b4"
            ],
            "index": "pypi",
            "version": "==1.0.10"
        },
        "requests": {
            "hashes": [
                "sha256:68d7c56fd5a8999887728ef304a6d12edc7be74f1cfa47714fc8b414525c9a61",
                "sha256:f22fa1e554c9ddfd16e6e41ac79759e17be9e492b3587efa038054674760e72d"
            ],
            "index": "pypi",
            "version": "==2.27.1"
        },
        "schedule": {
            "hashes": [
                "sha256:617adce8b4bf38c360b781297d59918fbebfb2878f1671d189f4f4af5d0567a4",
                "sha256:e6ca13585e62c810e13a08682e0a6a8ad245372e376ba2b8679294f377dfc8e4"
            ],
            "index": "pypi",
            "version": "==1.1.0"
        },
        "scipy": {
            "hashes": [
                "sha256:168c45c0c32e23f613db7c9e4e780bc61982d71dcd406ead746c7c7c2f2004ce",
                "sha256:213bc59191da2f479984ad4ec39406bf949a99aba70e9237b916ce7547b6ef42",
                "sha256:25b241034215247481f53355e05f9e25462682b13bd9191359075682adcd9554",
                "sha256:2c872de0c69ed20fb1a9b9cf6f77298b04a26f0b8720a5457be08be254366c6e",
                "sha256:3397c129b479846d7eaa18f999369a24322d008fac0782e7828fa567358c36ce",
                "sha256:368c0f69f93186309e1b4beb8e26d51dd6f5010b79264c0f1e9ca00cd92ea8c9",
                "sha256:3d5db5d815370c28d938cf9b0809dade4acf7aba57eaf7ef733bfedc9b2474c4",
                "sha256:4598cf03136067000855d6b44d7a1f4f46994164bcd450fb2c3d481afc25dd06",
                "sha256:4a453d5e5689de62e5d38edf40af3f17560bfd63c9c5bd228c18c1f99afa155b",
                "sha256:4f12d13ffbc16e988fa40809cbbd7a8b45bc05ff6ea0ba8e3e41f6f4db3a9e47",
                "sha256:634568a3018bc16a83cda28d4f7aed0d803dd5618facb36e977e53b2df868443",
                "sha256:65923bc3809524e46fb7eb4d6346552cbb6a1ffc41be748535aa502a2e3d3389",
                "sha256:6b0ceb23560f46dd236a8ad4378fc40bad1783e997604ba845e131d6c680963e",
                "sha256:8c8d6ca19c8497344b810b0b0344f8375af5f6bb9c98bd42e33f747417ab3f57",
                "sha256:9ad4fcddcbf5dc67619379782e6aeef41218a79e17979aaed01ed099876c0e62",
                "sha256:a254b98dbcc744c723a838c03b74a8a34c0558c9ac5c86d5561703362231107d",
                "sha256:b03c4338d6d3d299e8ca494194c0ae4f611548da59e3c038813f1a43976cb437",
                "sha256:cc1f78ebc982cd0602c9a7615d878396bec94908db67d4ecddca864d049112f2",
                "sha256:d6d25c41a009e3c6b7e757338948d0076ee1dd1770d1c09ec131f11946883c54",
                "sha256:d84cadd7d7998433334c99fa55bcba0d8b4aeff0edb123b2a1dfcface538e474",
                "sha256:e360cb2299028d0b0d0f65a5c5e51fc16a335f1603aa2357c25766c8dab56938",
                "sha256:e98d49a5717369d8241d6cf33ecb0ca72deee392414118198a8e5b4c35c56340",
                "sha256:ed572470af2438b526ea574ff8f05e7f39b44ac37f712105e57fc4d53a6fb660",
                "sha256:f87b39f4d69cf7d7529d7b1098cb712033b17ea7714aed831b95628f483fd012",
                "sha256:fa789583fc94a7689b45834453fec095245c7e69c58561dc159b5d5277057e4c"
            ],
            "index": "pypi",
            "version": "==1.5.4"
        },
        "selenium": {
            "hashes": [
                "sha256:2d7131d7bc5a5b99a2d9b04aaf2612c411b03b8ca1b1ee8d3de5845a9be2cb3c",
                "sha256:deaf32b60ad91a4611b98d8002757f29e6f2c2d5fcaf202e1c9ad06d6772300d"
            ],
            "index": "pypi",
            "version": "==3.141.0"
        },
        "six": {
            "hashes": [
                "sha256:1e61c37477a1626458e36f7b1d82aa5c9b094fa4802892072e49de9c60c4c926",
                "sha256:8abb2f1d86890a2dfb989f9a77cfcfd3e47c2a354b01111771326f8aa26e0254"
            ],
            "markers": "python_version >= '2.7' and python_version not in '3.0, 3.1, 3.2, 3.3'",
            "version": "==1.16.0"
        },
        "soupsieve": {
            "hashes": [
                "sha256:3b2503d3c7084a42b1ebd08116e5f81aadfaea95863628c80a3b774a11b7c759",
                "sha256:fc53893b3da2c33de295667a0e19f078c14bf86544af307354de5fcf12a3f30d"
            ],
            "markers": "python_version >= '3.6'",
            "version": "==2.3.2.post1"
        },
        "sqlalchemy": {
            "hashes": [
                "sha256:0535d5b57d014d06ceeaeffd816bb3a6e2dddeb670222570b8c4953e2d2ea678",
                "sha256:0892e7ac8bc76da499ad3ee8de8da4d7905a3110b952e2a35a940dab1ffa550e",
                "sha256:0d661cff58c91726c601cc0ee626bf167b20cc4d7941c93c5f3ac28dc34ddbea",
                "sha256:245c67c88e63f1523e9216cad6ba3107dea2d3ee19adc359597a628afcabfbcb",
                "sha256:2ad16880ccd971ac8e570550fbdef1385e094b022d6fc85ef3ce7df400dddad3",
                "sha256:2be4e6294c53f2ec8ea36486b56390e3bcaa052bf3a9a47005687ccf376745d1",
                "sha256:2c55040d8ea65414de7c47f1a23823cd9f3fad0dc93e6b6b728fee81230f817b",
                "sha256:352df882088a55293f621328ec33b6ffca936ad7f23013b22520542e1ab6ad1b",
                "sha256:3823dda635988e6744d4417e13f2e2b5fe76c4bf29dd67e95f98717e1b094cad",
                "sha256:38ef80328e3fee2be0a1abe3fe9445d3a2e52a1282ba342d0dab6edf1fef4707",
                "sha256:3ec7a0ed9b32afdf337172678a4a0e6419775ba4e649b66f49415615fa47efbd",
                "sha256:55e699466106d09f028ab78d3c2e1f621b5ef2c8694598242259e4515715da7c",
                "sha256:6cacc0b2dd7d22a918a9642fc89840a5d3cee18a0e1fe41080b1141b23b10916",
                "sha256:7deeae5071930abb3669b5185abb6c33ddfd2398f87660fafdb9e6a5fb0f3f2f",
                "sha256:86a22143a4001f53bf58027b044da1fb10d67b62a785fc1390b5c7f089d9838c",
                "sha256:8ca484ca11c65e05639ffe80f20d45e6be81fbec7683d6c9a15cd421e6e8b340",
                "sha256:af55cc207865d641a57f7044e98b08b09220da3d1b13a46f26487cc2f898a072",
                "sha256:b97fd5bb6b7c1a64b7ac0632f7ce389b8ab362e7bd5f60654c2a418496be5d7f",
                "sha256:c37bc677690fd33932182b85d37433845de612962ed080c3e4d92f758d1bd894",
                "sha256:d3cf56cc36d42908495760b223ca9c2c0f9f0002b4eddc994b24db5fcb86a9e4",
                "sha256:e646b19f47d655261b22df9976e572f588185279970efba3d45c377127d35349",
                "sha256:e7908c2025eb18394e32d65dd02d2e37e17d733cdbe7d78231c2b6d7eb20cdb9",
                "sha256:e8f2df79a46e130235bc5e1bbef4de0583fb19d481eaa0bffa76e8347ea45ec6",
                "sha256:eb18549b770351b54e1ab5da37d22bc530b8bfe2ee31e22b9ebe650640d2ef12",
                "sha256:f8cafa6f885a0ff5e39efa9325195217bb47d5929ab0051636610d24aef45ade"
            ],
            "index": "pypi",
            "version": "==1.4.51"
        },
        "typing-extensions": {
            "hashes": [
                "sha256:1a9462dcc3347a79b1f1c0271fbe79e844580bb598bafa1ed208b94da3cdcd42",
                "sha256:21c85e0fe4b9a155d0799430b0ad741cdce7e359660ccbd8b530613e8df88ce2"
            ],
            "markers": "python_version < '3.10'",
            "version": "==4.1.1"
        },
        "urllib3": {
            "hashes": [
                "sha256:34b97092d7e0a3a8cf7cd10e386f401b3737364026c45e622aa02903dffe0f07",
                "sha256:f8ecc1bba5667413457c529ab955bf8c67b45db799d159066261719e328580a0"
            ],
            "markers": "python_version >= '2.7' and python_version not in '3.0, 3.1, 3.2, 3.3, 3.4, 3.5'",
            "version": "==1.26.18"
        },
        "webencodings": {
            "hashes": [
                "sha256:a0af1213f3c2226497a97e2b3aa01a7e4bee4f403f95be16fc9acd2947514a78",
                "sha256:b36a1c245f2d304965eb4e0a82848379241dc04b865afcc4aab16748587e1923"
            ],
            "version": "==0.5.1"
        },
        "xlrd": {
            "hashes": [
                "sha256:546eb36cee8db40c3eaa46c351e67ffee6eeb5fa2650b71bc4c758a29a1b29b2",
                "sha256:e551fb498759fa3a5384a94ccd4c3c02eb7c00ea424426e212ac0c57be9dfbde"
            ],
            "index": "pypi",
            "version": "==1.2.0"
        },
        "xlsxwriter": {
            "hashes": [
                "sha256:b61c1a0c786f82644936c0936ec96ee96cd3afb9440094232f7faef9b38689f0",
                "sha256:de810bf328c6a4550f4ffd6b0b34972aeb7ffcf40f3d285a0413734f9b63a929"
            ],
            "index": "pypi",
            "version": "==3.1.9"
        },
        "zipp": {
            "hashes": [
                "sha256:71c644c5369f4a6e07636f0aa966270449561fcea2e3d6747b8d23efaa9d7832",
                "sha256:9fe5ea21568a0a70e50f273397638d39b03353731e6cbbb3fd8502a33fec40bc"
            ],
            "markers": "python_version >= '3.6'",
            "version": "==3.6.0"
        }
    },
    "develop": {}
}
